
Microsoft Visual Studio Solution File, Format Version 12.00
# Visual Studio Version 17
VisualStudioVersion = 17.2.32516.85
MinimumVisualStudioVersion = 10.0.40219.1
Project("{FAE04EC0-301F-11D3-BF4B-00C04F79EFBC}") = "EBanking.Console", "EBanking.Console\EBanking.Console.csproj", "{090B72CF-5501-45C1-A9B6-2540416748DC}"
EndProject
Global
	GlobalSection(SolutionConfigurationPlatforms) = preSolution
		Debug|Any CPU = Debug|Any CPU
		Release|Any CPU = Release|Any CPU
	EndGlobalSection
	GlobalSection(ProjectConfigurationPlatforms) = postSolution
		{090B72CF-5501-45C1-A9B6-2540416748DC}.Debug|Any CPU.ActiveCfg = Debug|Any CPU
		{090B72CF-5501-45C1-A9B6-2540416748DC}.Debug|Any CPU.Build.0 = Debug|Any CPU
		{090B72CF-5501-45C1-A9B6-2540416748DC}.Release|Any CPU.ActiveCfg = Release|Any CPU
		{090B72CF-5501-45C1-A9B6-2540416748DC}.Release|Any CPU.Build.0 = Release|Any CPU
	EndGlobalSection
	GlobalSection(SolutionProperties) = preSolution
		HideSolutionNode = FALSE
	EndGlobalSection
	GlobalSection(ExtensibilityGlobals) = postSolution
		SolutionGuid = {EA345E24-38FD-4EEE-8ACD-BDD8CEC10041}
	EndGlobalSection
EndGlobal
